// !$*UTF8*$!
{
	archiveVersion = 1;
	classes = {
	};
	objectVersion = 56;
	objects = {

/* Begin PBXBuildFile section */
		21B2BB6A2ABE42CE00AFCDFE /* Floating_labelApp.swift in Sources */ = {isa = PBXBuildFile; fileRef = 21B2BB692ABE42CE00AFCDFE /* Floating_labelApp.swift */; };
		21B2BB6C2ABE42CE00AFCDFE /* ContentView.swift in Sources */ = {isa = PBXBuildFile; fileRef = 21B2BB6B2ABE42CE00AFCDFE /* ContentView.swift */; };
		21B2BB6E2ABE42CF00AFCDFE /* Assets.xcassets in Resources */ = {isa = PBXBuildFile; fileRef = 21B2BB6D2ABE42CF00AFCDFE /* Assets.xcassets */; };
		21B2BB712ABE42CF00AFCDFE /* Preview Assets.xcassets in Resources */ = {isa = PBXBuildFile; fileRef = 21B2BB702ABE42CF00AFCDFE /* Preview Assets.xcassets */; };
		21B2BB782ABE4C2D00AFCDFE /* FloatingBorderLabelTextField.swift in Sources */ = {isa = PBXBuildFile; fileRef = 21B2BB772ABE4C2D00AFCDFE /* FloatingBorderLabelTextField.swift */; };
		21B2BB7A2ABE4DF500AFCDFE /* FloatingLabelTextField.swift in Sources */ = {isa = PBXBuildFile; fileRef = 21B2BB792ABE4DF500AFCDFE /* FloatingLabelTextField.swift */; };
		21B2BB7C2ABE500100AFCDFE /* CustomTextFieldStyle.swift in Sources */ = {isa = PBXBuildFile; fileRef = 21B2BB7B2ABE500100AFCDFE /* CustomTextFieldStyle.swift */; };
/* End PBXBuildFile section */

/* Begin PBXFileReference section */
		21B2BB662ABE42CE00AFCDFE /* Floating-label.app */ = {isa = PBXFileReference; explicitFileType = wrapper.application; includeInIndex = 0; path = "Floating-label.app"; sourceTree = BUILT_PRODUCTS_DIR; };
		21B2BB692ABE42CE00AFCDFE /* Floating_labelApp.swift */ = {isa = PBXFileReference; lastKnownFileType = sourcecode.swift; path = Floating_labelApp.swift; sourceTree = "<group>"; };
		21B2BB6B2ABE42CE00AFCDFE /* ContentView.swift */ = {isa = PBXFileReference; lastKnownFileType = sourcecode.swift; path = ContentView.swift; sourceTree = "<group>"; };
		21B2BB6D2ABE42CF00AFCDFE /* Assets.xcassets */ = {isa = PBXFileReference; lastKnownFileType = folder.assetcatalog; path = Assets.xcassets; sourceTree = "<group>"; };
		21B2BB702ABE42CF00AFCDFE /* Preview Assets.xcassets */ = {isa = PBXFileReference; lastKnownFileType = folder.assetcatalog; path = "Preview Assets.xcassets"; sourceTree = "<group>"; };
		21B2BB772ABE4C2D00AFCDFE /* FloatingBorderLabelTextField.swift */ = {isa = PBXFileReference; lastKnownFileType = sourcecode.swift; path = FloatingBorderLabelTextField.swift; sourceTree = "<group>"; };
		21B2BB792ABE4DF500AFCDFE /* FloatingLabelTextField.swift */ = {isa = PBXFileReference; lastKnownFileType = sourcecode.swift; path = FloatingLabelTextField.swift; sourceTree = "<group>"; };
		21B2BB7B2ABE500100AFCDFE /* CustomTextFieldStyle.swift */ = {isa = PBXFileReference; lastKnownFileType = sourcecode.swift; path = CustomTextFieldStyle.swift; sourceTree = "<group>"; };
/* End PBXFileReference section */

/* Begin PBXFrameworksBuildPhase section */
		21B2BB632ABE42CE00AFCDFE /* Frameworks */ = {
			isa = PBXFrameworksBuildPhase;
			buildActionMask = 2147483647;
			files = (
			);
			runOnlyForDeploymentPostprocessing = 0;
		};
/* End PBXFrameworksBuildPhase section */

/* Begin PBXGroup section */
		21B2BB5D2ABE42CE00AFCDFE = {
			isa = PBXGroup;
			children = (
				21B2BB682ABE42CE00AFCDFE /* Floating-label */,
				21B2BB672ABE42CE00AFCDFE /* Products */,
			);
			sourceTree = "<group>";
		};
		21B2BB672ABE42CE00AFCDFE /* Products */ = {
			isa = PBXGroup;
			children = (
				21B2BB662ABE42CE00AFCDFE /* Floating-label.app */,
			);
			name = Products;
			sourceTree = "<group>";
		};
		21B2BB682ABE42CE00AFCDFE /* Floating-label */ = {
			isa = PBXGroup;
			children = (
				21B2BB692ABE42CE00AFCDFE /* Floating_labelApp.swift */,
				21B2BB6B2ABE42CE00AFCDFE /* ContentView.swift */,
				21B2BB792ABE4DF500AFCDFE /* FloatingLabelTextField.swift */,
				21B2BB772ABE4C2D00AFCDFE /* FloatingBorderLabelTextField.swift */,
				21B2BB6D2ABE42CF00AFCDFE /* Assets.xcassets */,
				21B2BB6F2ABE42CF00AFCDFE /* Preview Content */,
				21B2BB7B2ABE500100AFCDFE /* CustomTextFieldStyle.swift */,
			);
			path = "Floating-label";
			sourceTree = "<group>";
		};
		21B2BB6F2ABE42CF00AFCDFE /* Preview Content */ = {
			isa = PBXGroup;
			children = (
				21B2BB702ABE42CF00AFCDFE /* Preview Assets.xcassets */,
			);
			path = "Preview Content";
			sourceTree = "<group>";
		};
/* End PBXGroup section */

/* Begin PBXNativeTarget section */
		21B2BB652ABE42CE00AFCDFE /* Floating-label */ = {
			isa = PBXNativeTarget;
			buildConfigurationList = 21B2BB742ABE42CF00AFCDFE /* Build configuration list for PBXNativeTarget "Floating-label" */;
			buildPhases = (
				21B2BB622ABE42CE00AFCDFE /* Sources */,
				21B2BB632ABE42CE00AFCDFE /* Frameworks */,
				21B2BB642ABE42CE00AFCDFE /* Resources */,
			);
			buildRules = (
			);
			dependencies = (
			);
			name = "Floating-label";
			productName = "Floating-label";
			productReference = 21B2BB662ABE42CE00AFCDFE /* Floating-label.app */;
			productType = "com.apple.product-type.application";
		};
/* End PBXNativeTarget section */

/* Begin PBXProject section */
		21B2BB5E2ABE42CE00AFCDFE /* Project object */ = {
			isa = PBXProject;
			attributes = {
				BuildIndependentTargetsInParallel = 1;
				LastSwiftUpdateCheck = 1430;
				LastUpgradeCheck = 1430;
				TargetAttributes = {
					21B2BB652ABE42CE00AFCDFE = {
						CreatedOnToolsVersion = 14.3.1;
					};
				};
			};
			buildConfigurationList = 21B2BB612ABE42CE00AFCDFE /* Build configuration list for PBXProject "Floating-label" */;
			compatibilityVersion = "Xcode 14.0";
			developmentRegion = en;
			hasScannedForEncodings = 0;
			knownRegions = (
				en,
				Base,
			);
			mainGroup = 21B2BB5D2ABE42CE00AFCDFE;
			productRefGroup = 21B2BB672ABE42CE00AFCDFE /* Products */;
			projectDirPath = "";
			projectRoot = "";
			targets = (
				21B2BB652ABE42CE00AFCDFE /* Floating-label */,
			);
		};
/* End PBXProject section */

/* Begin PBXResourcesBuildPhase section */
		21B2BB642ABE42CE00AFCDFE /* Resources */ = {
			isa = PBXResourcesBuildPhase;
			buildActionMask = 2147483647;
			files = (
				21B2BB712ABE42CF00AFCDFE /* Preview Assets.xcassets in Resources */,
				21B2BB6E2ABE42CF00AFCDFE /* Assets.xcassets in Resources */,
			);
			runOnlyForDeploymentPostprocessing = 0;
		};
/* End PBXResourcesBuildPhase section */

/* Begin PBXSourcesBuildPhase section */
		21B2BB622ABE42CE00AFCDFE /* Sources */ = {
			isa = PBXSourcesBuildPhase;
			buildActionMask = 2147483647;
			files = (
				21B2BB7A2ABE4DF500AFCDFE /* FloatingLabelTextField.swift in Sources */,
				21B2BB6C2ABE42CE00AFCDFE /* ContentView.swift in Sources */,
				21B2BB6A2ABE42CE00AFCDFE /* Floating_labelApp.swift in Sources */,
				21B2BB782ABE4C2D00AFCDFE /* FloatingBorderLabelTextField.swift in Sources */,
				21B2BB7C2ABE500100AFCDFE /* CustomTextFieldStyle.swift in Sources */,
			);
			runOnlyForDeploymentPostprocessing = 0;
		};
/* End PBXSourcesBuildPhase section */

/* Begin XCBuildConfiguration section */
		21B2BB722ABE42CF00AFCDFE /* Debug */ = {
			isa = XCBuildConfiguration;
			buildSettings = {
				ALWAYS_SEARCH_USER_PATHS = NO;
				CLANG_ANALYZER_NONNULL = YES;
				CLANG_ANALYZER_NUMBER_OBJECT_CONVERSION = YES_AGGRESSIVE;
				CLANG_CXX_LANGUAGE_STANDARD = "gnu++20";
				CLANG_ENABLE_MODULES = YES;
				CLANG_ENABLE_OBJC_ARC = YES;
				CLANG_ENABLE_OBJC_WEAK = YES;
				CLANG_WARN_BLOCK_CAPTURE_AUTORELEASING = YES;
				CLANG_WARN_BOOL_CONVERSION = YES;
				CLANG_WARN_COMMA = YES;
				CLANG_WARN_CONSTANT_CONVERSION = YES;
				CLANG_WARN_DEPRECATED_OBJC_IMPLEMENTATIONS = YES;
				CLANG_WARN_DIRECT_OBJC_ISA_USAGE = YES_ERROR;
				CLANG_WARN_DOCUMENTATION_COMMENTS = YES;
				CLANG_WARN_EMPTY_BODY = YES;
				CLANG_WARN_ENUM_CONVERSION = YES;
				CLANG_WARN_INFINITE_RECURSION = YES;
				CLANG_WARN_INT_CONVERSION = YES;
				CLANG_WARN_NON_LITERAL_NULL_CONVERSION = YES;
				CLANG_WARN_OBJC_IMPLICIT_RETAIN_SELF = YES;
				CLANG_WARN_OBJC_LITERAL_CONVERSION = YES;
				CLANG_WARN_OBJC_ROOT_CLASS = YES_ERROR;
				CLANG_WARN_QUOTED_INCLUDE_IN_FRAMEWORK_HEADER = YES;
				CLANG_WARN_RANGE_LOOP_ANALYSIS = YES;
				CLANG_WARN_STRICT_PROTOTYPES = YES;
				CLANG_WARN_SUSPICIOUS_MOVE = YES;
				CLANG_WARN_UNGUARDED_AVAILABILITY = YES_AGGRESSIVE;
				CLANG_WARN_UNREACHABLE_CODE = YES;
				CLANG_WARN__DUPLICATE_METHOD_MATCH = YES;
				COPY_PHASE_STRIP = NO;
				DEBUG_INFORMATION_FORMAT = dwarf;
				ENABLE_STRICT_OBJC_MSGSEND = YES;
				ENABLE_TESTABILITY = YES;
				GCC_C_LANGUAGE_STANDARD = gnu11;
				GCC_DYNAMIC_NO_PIC = NO;
				GCC_NO_COMMON_BLOCKS = YES;
				GCC_OPTIMIZATION_LEVEL = 0;
				GCC_PREPROCESSOR_DEFINITIONS = (
					"DEBUG=1",
					"$(inherited)",
				);
				GCC_WARN_64_TO_32_BIT_CONVERSION = YES;
				GCC_WARN_ABOUT_RETURN_TYPE = YES_ERROR;
				GCC_WARN_UNDECLARED_SELECTOR = YES;
				GCC_WARN_UNINITIALIZED_AUTOS = YES_AGGRESSIVE;
				GCC_WARN_UNUSED_FUNCTION = YES;
				GCC_WARN_UNUSED_VARIABLE = YES;
				IPHONEOS_DEPLOYMENT_TARGET = 16.4;
				MTL_ENABLE_DEBUG_INFO = INCLUDE_SOURCE;
				MTL_FAST_MATH = YES;
				ONLY_ACTIVE_ARCH = YES;
				SDKROOT = iphoneos;
				SWIFT_ACTIVE_COMPILATION_CONDITIONS = DEBUG;
				SWIFT_OPTIMIZATION_LEVEL = "-Onone";
			};
			name = Debug;
		};
		21B2BB732ABE42CF00AFCDFE /* Release */ = {
			isa = XCBuildConfiguration;
			buildSettings = {
				ALWAYS_SEARCH_USER_PATHS = NO;
				CLANG_ANALYZER_NONNULL = YES;
				CLANG_ANALYZER_NUMBER_OBJECT_CONVERSION = YES_AGGRESSIVE;
				CLANG_CXX_LANGUAGE_STANDARD = "gnu++20";
				CLANG_ENABLE_MODULES = YES;
				CLANG_ENABLE_OBJC_ARC = YES;
				CLANG_ENABLE_OBJC_WEAK = YES;
				CLANG_WARN_BLOCK_CAPTURE_AUTORELEASING = YES;
				CLANG_WARN_BOOL_CONVERSION = YES;
				CLANG_WARN_COMMA = YES;
				CLANG_WARN_CONSTANT_CONVERSION = YES;
				CLANG_WARN_DEPRECATED_OBJC_IMPLEMENTATIONS = YES;
				CLANG_WARN_DIRECT_OBJC_ISA_USAGE = YES_ERROR;
				CLANG_WARN_DOCUMENTATION_COMMENTS = YES;
				CLANG_WARN_EMPTY_BODY = YES;
				CLANG_WARN_ENUM_CONVERSION = YES;
				CLANG_WARN_INFINITE_RECURSION = YES;
				CLANG_WARN_INT_CONVERSION = YES;
				CLANG_WARN_NON_LITERAL_NULL_CONVERSION = YES;
				CLANG_WARN_OBJC_IMPLICIT_RETAIN_SELF = YES;
				CLANG_WARN_OBJC_LITERAL_CONVERSION = YES;
				CLANG_WARN_OBJC_ROOT_CLASS = YES_ERROR;
				CLANG_WARN_QUOTED_INCLUDE_IN_FRAMEWORK_HEADER = YES;
				CLANG_WARN_RANGE_LOOP_ANALYSIS = YES;
				CLANG_WARN_STRICT_PROTOTYPES = YES;
				CLANG_WARN_SUSPICIOUS_MOVE = YES;
				CLANG_WARN_UNGUARDED_AVAILABILITY = YES_AGGRESSIVE;
				CLANG_WARN_UNREACHABLE_CODE = YES;
				CLANG_WARN__DUPLICATE_METHOD_MATCH = YES;
				COPY_PHASE_STRIP = NO;
				DEBUG_INFORMATION_FORMAT = "dwarf-with-dsym";
				ENABLE_NS_ASSERTIONS = NO;
				ENABLE_STRICT_OBJC_MSGSEND = YES;
				GCC_C_LANGUAGE_STANDARD = gnu11;
				GCC_NO_COMMON_BLOCKS = YES;
				GCC_WARN_64_TO_32_BIT_CONVERSION = YES;
				GCC_WARN_ABOUT_RETURN_TYPE = YES_ERROR;
				GCC_WARN_UNDECLARED_SELECTOR = YES;
				GCC_WARN_UNINITIALIZED_AUTOS = YES_AGGRESSIVE;
				GCC_WARN_UNUSED_FUNCTION = YES;
				GCC_WARN_UNUSED_VARIABLE = YES;
				IPHONEOS_DEPLOYMENT_TARGET = 16.4;
				MTL_ENABLE_DEBUG_INFO = NO;
				MTL_FAST_MATH = YES;
				SDKROOT = iphoneos;
				SWIFT_COMPILATION_MODE = wholemodule;
				SWIFT_OPTIMIZATION_LEVEL = "-O";
				VALIDATE_PRODUCT = YES;
			};
			name = Release;
		};
		21B2BB752ABE42CF00AFCDFE /* Debug */ = {
			isa = XCBuildConfiguration;
			buildSettings = {
				ASSETCATALOG_COMPILER_APPICON_NAME = AppIcon;
				ASSETCATALOG_COMPILER_GLOBAL_ACCENT_COLOR_NAME = AccentColor;
				CODE_SIGN_STYLE = Automatic;
				CURRENT_PROJECT_VERSION = 1;
				DEVELOPMENT_ASSET_PATHS = "\"Floating-label/Preview Content\"";
				DEVELOPMENT_TEAM = HU73YD5J6R;
				ENABLE_PREVIEWS = YES;
				GENERATE_INFOPLIST_FILE = YES;
				INFOPLIST_KEY_UIApplicationSceneManifest_Generation = YES;
				INFOPLIST_KEY_UIApplicationSupportsIndirectInputEvents = YES;
				INFOPLIST_KEY_UILaunchScreen_Generation = YES;
				INFOPLIST_KEY_UISupportedInterfaceOrientations_iPad = "UIInterfaceOrientationPortrait UIInterfaceOrientationPortraitUpsideDown UIInterfaceOrientationLandscapeLeft UIInterfaceOrientationLandscapeRight";
				INFOPLIST_KEY_UISupportedInterfaceOrientations_iPhone = "UIInterfaceOrientationPortrait UIInterfaceOrientationLandscapeLeft UIInterfaceOrientationLandscapeRight";
				LD_RUNPATH_SEARCH_PATHS = (
					"$(inherited)",
					"@executable_path/Frameworks",
				);
				MARKETING_VERSION = 1.0;
				PRODUCT_BUNDLE_IDENTIFIER = "com.mdsrmed.Floating-label";
				PRODUCT_NAME = "$(TARGET_NAME)";
				SWIFT_EMIT_LOC_STRINGS = YES;
				SWIFT_VERSION = 5.0;
				TARGETED_DEVICE_FAMILY = "1,2";
			};
			name = Debug;
		};
		21B2BB762ABE42CF00AFCDFE /* Release */ = {
			isa = XCBuildConfiguration;
			buildSettings = {
				ASSETCATALOG_COMPILER_APPICON_NAME = AppIcon;
				ASSETCATALOG_COMPILER_GLOBAL_ACCENT_COLOR_NAME = AccentColor;
				CODE_SIGN_STYLE = Automatic;
				CURRENT_PROJECT_VERSION = 1;
				DEVELOPMENT_ASSET_PATHS = "\"Floating-label/Preview Content\"";
				DEVELOPMENT_TEAM = HU73YD5J6R;
				ENABLE_PREVIEWS = YES;
				GENERATE_INFOPLIST_FILE = YES;
				INFOPLIST_KEY_UIApplicationSceneManifest_Generation = YES;
				INFOPLIST_KEY_UIApplicationSupportsIndirectInputEvents = YES;
				INFOPLIST_KEY_UILaunchScreen_Generation = YES;
				INFOPLIST_KEY_UISupportedInterfaceOrientations_iPad = "UIInterfaceOrientationPortrait UIInterfaceOrientationPortraitUpsideDown UIInterfaceOrientationLandscapeLeft UIInterfaceOrientationLandscapeRight";
				INFOPLIST_KEY_UISupportedInterfaceOrientations_iPhone = "UIInterfaceOrientationPortrait UIInterfaceOrientationLandscapeLeft UIInterfaceOrientationLandscapeRight";
				LD_RUNPATH_SEARCH_PATHS = (
					"$(inherited)",
					"@executable_path/Frameworks",
				);
				MARKETING_VERSION = 1.0;
				PRODUCT_BUNDLE_IDENTIFIER = "com.mdsrmed.Floating-label";
				PRODUCT_NAME = "$(TARGET_NAME)";
				SWIFT_EMIT_LOC_STRINGS = YES;
				SWIFT_VERSION = 5.0;
				TARGETED_DEVICE_FAMILY = "1,2";
			};
			name = Release;
		};
/* End XCBuildConfiguration section */

/* Begin XCConfigurationList section */
		21B2BB612ABE42CE00AFCDFE /* Build configuration list for PBXProject "Floating-label" */ = {
			isa = XCConfigurationList;
			buildConfigurations = (
				21B2BB722ABE42CF00AFCDFE /* Debug */,
				21B2BB732ABE42CF00AFCDFE /* Release */,
			);
			defaultConfigurationIsVisible = 0;
			defaultConfigurationName = Release;
		};
		21B2BB742ABE42CF00AFCDFE /* Build configuration list for PBXNativeTarget "Floating-label" */ = {
			isa = XCConfigurationList;
			buildConfigurations = (
				21B2BB752ABE42CF00AFCDFE /* Debug */,
				21B2BB762ABE42CF00AFCDFE /* Release */,
			);
			defaultConfigurationIsVisible = 0;
			defaultConfigurationName = Release;
		};
/* End XCConfigurationList section */
	};
	rootObject = 21B2BB5E2ABE42CE00AFCDFE /* Project object */;
}
